// !$*UTF8*$!
{
	archiveVersion = 1;
	classes = {
	};
	objectVersion = 51;
	objects = {

/* Begin PBXBuildFile section */
		0A7B43F2264AC3FC0061514B /* UIColorExtensions.swift in Sources */ = {isa = PBXBuildFile; fileRef = 0A7B43EE264AC3FC0061514B /* UIColorExtensions.swift */; };
		0A7B43F3264AC3FC0061514B /* UIViewExtensions.swift in Sources */ = {isa = PBXBuildFile; fileRef = 0A7B43EF264AC3FC0061514B /* UIViewExtensions.swift */; };
		0A7B43F4264AC3FC0061514B /* UIButtonExtensions.swift in Sources */ = {isa = PBXBuildFile; fileRef = 0A7B43F0264AC3FC0061514B /* UIButtonExtensions.swift */; };
		0A7B43F5264AC3FC0061514B /* GlobalStrings.swift in Sources */ = {isa = PBXBuildFile; fileRef = 0A7B43F1264AC3FC0061514B /* GlobalStrings.swift */; };
		0A7B440D264AC9300061514B /* OpenSans-Regular.ttf in Resources */ = {isa = PBXBuildFile; fileRef = 0A7B440A264AC9300061514B /* OpenSans-Regular.ttf */; };
		0A7B440E264AC9300061514B /* OpenSans-SemiBold.ttf in Resources */ = {isa = PBXBuildFile; fileRef = 0A7B440B264AC9300061514B /* OpenSans-SemiBold.ttf */; };
		0A7B440F264AC9300061514B /* OpenSans-Bold.ttf in Resources */ = {isa = PBXBuildFile; fileRef = 0A7B440C264AC9300061514B /* OpenSans-Bold.ttf */; };
		0A7B4414264AD4080061514B /* AlertViewController.swift in Sources */ = {isa = PBXBuildFile; fileRef = 0A7B4413264AD4080061514B /* AlertViewController.swift */; };
		0A7B4454264AEB8D0061514B /* GoogleService-Info.plist in Resources */ = {isa = PBXBuildFile; fileRef = 0A7B4453264AEB8D0061514B /* GoogleService-Info.plist */; };
		0A7B446C264AF6340061514B /* RegistrationStepOneVC.swift in Sources */ = {isa = PBXBuildFile; fileRef = 0A7B446B264AF6340061514B /* RegistrationStepOneVC.swift */; };
		0A7B446F264AF7450061514B /* CustomFunctions.swift in Sources */ = {isa = PBXBuildFile; fileRef = 0A7B446E264AF7450061514B /* CustomFunctions.swift */; };
		0A7B448E264AFB480061514B /* UITextFieldExtension.swift in Sources */ = {isa = PBXBuildFile; fileRef = 0A7B448D264AFB480061514B /* UITextFieldExtension.swift */; };
		0A7B4491264B254C0061514B /* CountryCodeModel.swift in Sources */ = {isa = PBXBuildFile; fileRef = 0A7B4490264B254C0061514B /* CountryCodeModel.swift */; };
		0A7B4495264B39550061514B /* RegistrationStepTwoVC.swift in Sources */ = {isa = PBXBuildFile; fileRef = 0A7B4494264B39550061514B /* RegistrationStepTwoVC.swift */; };
		0A7B4498264B9F770061514B /* LocationModel.swift in Sources */ = {isa = PBXBuildFile; fileRef = 0A7B4497264B9F770061514B /* LocationModel.swift */; };
		0A7B449B264B9FE50061514B /* RegistrationStepThreeVC.swift in Sources */ = {isa = PBXBuildFile; fileRef = 0A7B449A264B9FE50061514B /* RegistrationStepThreeVC.swift */; };
		0A7B449E264BB0310061514B /* RegistrationStepFourVC.swift in Sources */ = {isa = PBXBuildFile; fileRef = 0A7B449D264BB0310061514B /* RegistrationStepFourVC.swift */; };
		0A7B44A3264BC5040061514B /* RegistrationFinalStepVC.swift in Sources */ = {isa = PBXBuildFile; fileRef = 0A7B44A2264BC5040061514B /* RegistrationFinalStepVC.swift */; };
		0A7B44A6264BCAC70061514B /* FinalAnimationVC.swift in Sources */ = {isa = PBXBuildFile; fileRef = 0A7B44A5264BCAC70061514B /* FinalAnimationVC.swift */; };
		0A7B44A9264BD0440061514B /* UserModel.swift in Sources */ = {isa = PBXBuildFile; fileRef = 0A7B44A8264BD0440061514B /* UserModel.swift */; };
		0A7B44AC264BE2CA0061514B /* ProgressHUD.swift in Sources */ = {isa = PBXBuildFile; fileRef = 0A7B44AB264BE2CA0061514B /* ProgressHUD.swift */; };
		0A7B44C5264C10590061514B /* LoginVC.swift in Sources */ = {isa = PBXBuildFile; fileRef = 0A7B44C4264C10590061514B /* LoginVC.swift */; };
		0A7B44C8264C2F3F0061514B /* SessionManager.swift in Sources */ = {isa = PBXBuildFile; fileRef = 0A7B44C7264C2F3F0061514B /* SessionManager.swift */; };
		0A7B44CB264C32CE0061514B /* TabBarVC.swift in Sources */ = {isa = PBXBuildFile; fileRef = 0A7B44CA264C32CE0061514B /* TabBarVC.swift */; };
		0A7B44CE264C37950061514B /* PlantVC.swift in Sources */ = {isa = PBXBuildFile; fileRef = 0A7B44CD264C37950061514B /* PlantVC.swift */; };
		0A7B44D1264C3B9D0061514B /* HiringVC.swift in Sources */ = {isa = PBXBuildFile; fileRef = 0A7B44D0264C3B9D0061514B /* HiringVC.swift */; };
		0A7B44D4264C3BF90061514B /* ChatRoomVC.swift in Sources */ = {isa = PBXBuildFile; fileRef = 0A7B44D3264C3BF90061514B /* ChatRoomVC.swift */; };
		0A7B44D8264C49940061514B /* ForgotPasswordVC.swift in Sources */ = {isa = PBXBuildFile; fileRef = 0A7B44D7264C49940061514B /* ForgotPasswordVC.swift */; };
		0A7B44DB264D35130061514B /* dateOfBirthVC.swift in Sources */ = {isa = PBXBuildFile; fileRef = 0A7B44DA264D35130061514B /* dateOfBirthVC.swift */; };
		0A7B44DE264D92DC0061514B /* AvailabilityVC.swift in Sources */ = {isa = PBXBuildFile; fileRef = 0A7B44DD264D92DC0061514B /* AvailabilityVC.swift */; };
		0A7B44E1264D97270061514B /* SkillsVC.swift in Sources */ = {isa = PBXBuildFile; fileRef = 0A7B44E0264D97270061514B /* SkillsVC.swift */; };
		0A7B44E4264DA1190061514B /* RateVC.swift in Sources */ = {isa = PBXBuildFile; fileRef = 0A7B44E3264DA1190061514B /* RateVC.swift */; };
		0A7B44E7265026F40061514B /* MenuVC.swift in Sources */ = {isa = PBXBuildFile; fileRef = 0A7B44E6265026F30061514B /* MenuVC.swift */; };
		0A7B44EA2650404C0061514B /* Toast.swift in Sources */ = {isa = PBXBuildFile; fileRef = 0A7B44E92650404C0061514B /* Toast.swift */; };
		0A7E2C942650740C00305CC9 /* AddPlantCollectionViewCell.swift in Sources */ = {isa = PBXBuildFile; fileRef = 0A7E2C932650740C00305CC9 /* AddPlantCollectionViewCell.swift */; };
		0A7E2C9726511B4600305CC9 /* Plant.storyboard in Resources */ = {isa = PBXBuildFile; fileRef = 0A7E2C9626511B4600305CC9 /* Plant.storyboard */; };
		0A7E2C9D2651234800305CC9 /* AddCategoryVC.swift in Sources */ = {isa = PBXBuildFile; fileRef = 0A7E2C9C2651234800305CC9 /* AddCategoryVC.swift */; };
		0A7E2CA026512DDB00305CC9 /* CategoryTableViewCell.swift in Sources */ = {isa = PBXBuildFile; fileRef = 0A7E2C9F26512DDB00305CC9 /* CategoryTableViewCell.swift */; };
		0A7E2CA326512E5900305CC9 /* SelectCategoryVC.swift in Sources */ = {isa = PBXBuildFile; fileRef = 0A7E2CA226512E5900305CC9 /* SelectCategoryVC.swift */; };
		0A7E2D892651313C00305CC9 /* CategoryModel.swift in Sources */ = {isa = PBXBuildFile; fileRef = 0A7E2D882651313C00305CC9 /* CategoryModel.swift */; };
		0A7E2DE42651418E00305CC9 /* SuggestVC.swift in Sources */ = {isa = PBXBuildFile; fileRef = 0A7E2DE32651418E00305CC9 /* SuggestVC.swift */; };
		0A7E2DE826516A2B00305CC9 /* AddPlantImageVC.swift in Sources */ = {isa = PBXBuildFile; fileRef = 0A7E2DE726516A2B00305CC9 /* AddPlantImageVC.swift */; };
		0A7E2DEB26517EEA00305CC9 /* SelectSubPlantVC.swift in Sources */ = {isa = PBXBuildFile; fileRef = 0A7E2DEA26517EEA00305CC9 /* SelectSubPlantVC.swift */; };
		0A7E2DEE2651834E00305CC9 /* SubCategoryTableViewCell.swift in Sources */ = {isa = PBXBuildFile; fileRef = 0A7E2DED2651834E00305CC9 /* SubCategoryTableViewCell.swift */; };
		0A7E2DF12651849700305CC9 /* PlantModel.swift in Sources */ = {isa = PBXBuildFile; fileRef = 0A7E2DF02651849700305CC9 /* PlantModel.swift */; };
		0A7E2DF42652788700305CC9 /* ZoomAndSnapFlowLayout.swift in Sources */ = {isa = PBXBuildFile; fileRef = 0A7E2DF32652788700305CC9 /* ZoomAndSnapFlowLayout.swift */; };
		0A7E2DF926529FC100305CC9 /* PlantsDetailsVC.swift in Sources */ = {isa = PBXBuildFile; fileRef = 0A7E2DF826529FC100305CC9 /* PlantsDetailsVC.swift */; };
		0A7E2E572653A23900305CC9 /* AddPlantNameVC.swift in Sources */ = {isa = PBXBuildFile; fileRef = 0A7E2E562653A23900305CC9 /* AddPlantNameVC.swift */; };
		0A7E2E5A2653A51C00305CC9 /* AddPlantWaterAmountVC.swift in Sources */ = {isa = PBXBuildFile; fileRef = 0A7E2E592653A51C00305CC9 /* AddPlantWaterAmountVC.swift */; };
		0A7E2E5D2653A66600305CC9 /* AddPlantFrequencyVC.swift in Sources */ = {isa = PBXBuildFile; fileRef = 0A7E2E5C2653A66600305CC9 /* AddPlantFrequencyVC.swift */; };
		0A7E2E602653A79E00305CC9 /* AddPlantSunlightVC.swift in Sources */ = {isa = PBXBuildFile; fileRef = 0A7E2E5F2653A79E00305CC9 /* AddPlantSunlightVC.swift */; };
		0A7E2E632653A88700305CC9 /* AddPlantLocationVC.swift in Sources */ = {isa = PBXBuildFile; fileRef = 0A7E2E622653A88700305CC9 /* AddPlantLocationVC.swift */; };
		0A7E2E6B2654590200305CC9 /* Hiring.storyboard in Resources */ = {isa = PBXBuildFile; fileRef = 0A7E2E6A2654590200305CC9 /* Hiring.storyboard */; };
		0A7E2E6E26545A9400305CC9 /* CustomSegmentedControl.swift in Sources */ = {isa = PBXBuildFile; fileRef = 0A7E2E6D26545A9400305CC9 /* CustomSegmentedControl.swift */; };
		0AAD576B2646FB0300E368B6 /* AppDelegate.swift in Sources */ = {isa = PBXBuildFile; fileRef = 0AAD576A2646FB0300E368B6 /* AppDelegate.swift */; };
		0AAD576F2646FB0300E368B6 /* WelcomeVC.swift in Sources */ = {isa = PBXBuildFile; fileRef = 0AAD576E2646FB0300E368B6 /* WelcomeVC.swift */; };
		0AAD57722646FB0300E368B6 /* Main.storyboard in Resources */ = {isa = PBXBuildFile; fileRef = 0AAD57702646FB0300E368B6 /* Main.storyboard */; };
		0AAD57752646FB0300E368B6 /* Gardener.xcdatamodeld in Sources */ = {isa = PBXBuildFile; fileRef = 0AAD57732646FB0300E368B6 /* Gardener.xcdatamodeld */; };
		0AAD57772646FB0500E368B6 /* Assets.xcassets in Resources */ = {isa = PBXBuildFile; fileRef = 0AAD57762646FB0500E368B6 /* Assets.xcassets */; };
		0AAD577A2646FB0500E368B6 /* LaunchScreen.storyboard in Resources */ = {isa = PBXBuildFile; fileRef = 0AAD57782646FB0500E368B6 /* LaunchScreen.storyboard */; };
		0ADEE05C2654EBD900013688 /* FeedbackVC.swift in Sources */ = {isa = PBXBuildFile; fileRef = 0ADEE05B2654EBD800013688 /* FeedbackVC.swift */; };
		7ED072A9F8859F86F0E8AC77 /* Pods_Gardener.framework in Frameworks */ = {isa = PBXBuildFile; fileRef = EECE8725B27E973E8765C2A8 /* Pods_Gardener.framework */; };
/* End PBXBuildFile section */

/* Begin PBXFileReference section */
		0A7B43EE264AC3FC0061514B /* UIColorExtensions.swift */ = {isa = PBXFileReference; fileEncoding = 4; lastKnownFileType = sourcecode.swift; path = UIColorExtensions.swift; sourceTree = "<group>"; };
		0A7B43EF264AC3FC0061514B /* UIViewExtensions.swift */ = {isa = PBXFileReference; fileEncoding = 4; lastKnownFileType = sourcecode.swift; path = UIViewExtensions.swift; sourceTree = "<group>"; };
		0A7B43F0264AC3FC0061514B /* UIButtonExtensions.swift */ = {isa = PBXFileReference; fileEncoding = 4; lastKnownFileType = sourcecode.swift; path = UIButtonExtensions.swift; sourceTree = "<group>"; };
		0A7B43F1264AC3FC0061514B /* GlobalStrings.swift */ = {isa = PBXFileReference; fileEncoding = 4; lastKnownFileType = sourcecode.swift; path = GlobalStrings.swift; sourceTree = "<group>"; };
		0A7B440A264AC9300061514B /* OpenSans-Regular.ttf */ = {isa = PBXFileReference; lastKnownFileType = file; path = "OpenSans-Regular.ttf"; sourceTree = "<group>"; };
		0A7B440B264AC9300061514B /* OpenSans-SemiBold.ttf */ = {isa = PBXFileReference; lastKnownFileType = file; path = "OpenSans-SemiBold.ttf"; sourceTree = "<group>"; };
		0A7B440C264AC9300061514B /* OpenSans-Bold.ttf */ = {isa = PBXFileReference; lastKnownFileType = file; path = "OpenSans-Bold.ttf"; sourceTree = "<group>"; };
		0A7B4413264AD4080061514B /* AlertViewController.swift */ = {isa = PBXFileReference; fileEncoding = 4; lastKnownFileType = sourcecode.swift; path = AlertViewController.swift; sourceTree = "<group>"; };
		0A7B4453264AEB8D0061514B /* GoogleService-Info.plist */ = {isa = PBXFileReference; fileEncoding = 4; lastKnownFileType = text.plist.xml; path = "GoogleService-Info.plist"; sourceTree = "<group>"; };
		0A7B446B264AF6340061514B /* RegistrationStepOneVC.swift */ = {isa = PBXFileReference; lastKnownFileType = sourcecode.swift; path = RegistrationStepOneVC.swift; sourceTree = "<group>"; };
		0A7B446E264AF7450061514B /* CustomFunctions.swift */ = {isa = PBXFileReference; lastKnownFileType = sourcecode.swift; path = CustomFunctions.swift; sourceTree = "<group>"; };
		0A7B448D264AFB480061514B /* UITextFieldExtension.swift */ = {isa = PBXFileReference; lastKnownFileType = sourcecode.swift; path = UITextFieldExtension.swift; sourceTree = "<group>"; };
		0A7B4490264B254C0061514B /* CountryCodeModel.swift */ = {isa = PBXFileReference; lastKnownFileType = sourcecode.swift; path = CountryCodeModel.swift; sourceTree = "<group>"; };
		0A7B4494264B39550061514B /* RegistrationStepTwoVC.swift */ = {isa = PBXFileReference; lastKnownFileType = sourcecode.swift; path = RegistrationStepTwoVC.swift; sourceTree = "<group>"; };
		0A7B4497264B9F770061514B /* LocationModel.swift */ = {isa = PBXFileReference; lastKnownFileType = sourcecode.swift; path = LocationModel.swift; sourceTree = "<group>"; };
		0A7B449A264B9FE50061514B /* RegistrationStepThreeVC.swift */ = {isa = PBXFileReference; lastKnownFileType = sourcecode.swift; path = RegistrationStepThreeVC.swift; sourceTree = "<group>"; };
		0A7B449D264BB0310061514B /* RegistrationStepFourVC.swift */ = {isa = PBXFileReference; lastKnownFileType = sourcecode.swift; path = RegistrationStepFourVC.swift; sourceTree = "<group>"; };
		0A7B44A2264BC5040061514B /* RegistrationFinalStepVC.swift */ = {isa = PBXFileReference; lastKnownFileType = sourcecode.swift; path = RegistrationFinalStepVC.swift; sourceTree = "<group>"; };
		0A7B44A5264BCAC70061514B /* FinalAnimationVC.swift */ = {isa = PBXFileReference; lastKnownFileType = sourcecode.swift; path = FinalAnimationVC.swift; sourceTree = "<group>"; };
		0A7B44A8264BD0440061514B /* UserModel.swift */ = {isa = PBXFileReference; lastKnownFileType = sourcecode.swift; path = UserModel.swift; sourceTree = "<group>"; };
		0A7B44AB264BE2CA0061514B /* ProgressHUD.swift */ = {isa = PBXFileReference; lastKnownFileType = sourcecode.swift; path = ProgressHUD.swift; sourceTree = "<group>"; };
		0A7B44C4264C10590061514B /* LoginVC.swift */ = {isa = PBXFileReference; lastKnownFileType = sourcecode.swift; path = LoginVC.swift; sourceTree = "<group>"; };
		0A7B44C7264C2F3F0061514B /* SessionManager.swift */ = {isa = PBXFileReference; lastKnownFileType = sourcecode.swift; path = SessionManager.swift; sourceTree = "<group>"; };
		0A7B44CA264C32CE0061514B /* TabBarVC.swift */ = {isa = PBXFileReference; fileEncoding = 4; lastKnownFileType = sourcecode.swift; path = TabBarVC.swift; sourceTree = "<group>"; };
		0A7B44CD264C37950061514B /* PlantVC.swift */ = {isa = PBXFileReference; lastKnownFileType = sourcecode.swift; path = PlantVC.swift; sourceTree = "<group>"; };
		0A7B44D0264C3B9D0061514B /* HiringVC.swift */ = {isa = PBXFileReference; lastKnownFileType = sourcecode.swift; path = HiringVC.swift; sourceTree = "<group>"; };
		0A7B44D3264C3BF90061514B /* ChatRoomVC.swift */ = {isa = PBXFileReference; lastKnownFileType = sourcecode.swift; path = ChatRoomVC.swift; sourceTree = "<group>"; };
		0A7B44D7264C49940061514B /* ForgotPasswordVC.swift */ = {isa = PBXFileReference; lastKnownFileType = sourcecode.swift; path = ForgotPasswordVC.swift; sourceTree = "<group>"; };
		0A7B44DA264D35130061514B /* dateOfBirthVC.swift */ = {isa = PBXFileReference; lastKnownFileType = sourcecode.swift; path = dateOfBirthVC.swift; sourceTree = "<group>"; };
		0A7B44DD264D92DC0061514B /* AvailabilityVC.swift */ = {isa = PBXFileReference; lastKnownFileType = sourcecode.swift; path = AvailabilityVC.swift; sourceTree = "<group>"; };
		0A7B44E0264D97270061514B /* SkillsVC.swift */ = {isa = PBXFileReference; lastKnownFileType = sourcecode.swift; path = SkillsVC.swift; sourceTree = "<group>"; };
		0A7B44E3264DA1190061514B /* RateVC.swift */ = {isa = PBXFileReference; lastKnownFileType = sourcecode.swift; path = RateVC.swift; sourceTree = "<group>"; };
		0A7B44E6265026F30061514B /* MenuVC.swift */ = {isa = PBXFileReference; lastKnownFileType = sourcecode.swift; path = MenuVC.swift; sourceTree = "<group>"; };
		0A7B44E92650404C0061514B /* Toast.swift */ = {isa = PBXFileReference; lastKnownFileType = sourcecode.swift; path = Toast.swift; sourceTree = "<group>"; };
		0A7E2C932650740C00305CC9 /* AddPlantCollectionViewCell.swift */ = {isa = PBXFileReference; fileEncoding = 4; lastKnownFileType = sourcecode.swift; path = AddPlantCollectionViewCell.swift; sourceTree = "<group>"; };
		0A7E2C9626511B4600305CC9 /* Plant.storyboard */ = {isa = PBXFileReference; lastKnownFileType = file.storyboard; path = Plant.storyboard; sourceTree = "<group>"; };
		0A7E2C9C2651234800305CC9 /* AddCategoryVC.swift */ = {isa = PBXFileReference; lastKnownFileType = sourcecode.swift; path = AddCategoryVC.swift; sourceTree = "<group>"; };
		0A7E2C9F26512DDB00305CC9 /* CategoryTableViewCell.swift */ = {isa = PBXFileReference; lastKnownFileType = sourcecode.swift; path = CategoryTableViewCell.swift; sourceTree = "<group>"; };
		0A7E2CA226512E5900305CC9 /* SelectCategoryVC.swift */ = {isa = PBXFileReference; lastKnownFileType = sourcecode.swift; path = SelectCategoryVC.swift; sourceTree = "<group>"; };
		0A7E2D882651313C00305CC9 /* CategoryModel.swift */ = {isa = PBXFileReference; lastKnownFileType = sourcecode.swift; path = CategoryModel.swift; sourceTree = "<group>"; };
		0A7E2DE32651418E00305CC9 /* SuggestVC.swift */ = {isa = PBXFileReference; lastKnownFileType = sourcecode.swift; path = SuggestVC.swift; sourceTree = "<group>"; };
		0A7E2DE726516A2B00305CC9 /* AddPlantImageVC.swift */ = {isa = PBXFileReference; lastKnownFileType = sourcecode.swift; path = AddPlantImageVC.swift; sourceTree = "<group>"; };
		0A7E2DEA26517EEA00305CC9 /* SelectSubPlantVC.swift */ = {isa = PBXFileReference; lastKnownFileType = sourcecode.swift; path = SelectSubPlantVC.swift; sourceTree = "<group>"; };
		0A7E2DED2651834E00305CC9 /* SubCategoryTableViewCell.swift */ = {isa = PBXFileReference; lastKnownFileType = sourcecode.swift; path = SubCategoryTableViewCell.swift; sourceTree = "<group>"; };
		0A7E2DF02651849700305CC9 /* PlantModel.swift */ = {isa = PBXFileReference; lastKnownFileType = sourcecode.swift; path = PlantModel.swift; sourceTree = "<group>"; };
		0A7E2DF32652788700305CC9 /* ZoomAndSnapFlowLayout.swift */ = {isa = PBXFileReference; fileEncoding = 4; lastKnownFileType = sourcecode.swift; path = ZoomAndSnapFlowLayout.swift; sourceTree = "<group>"; };
		0A7E2DF826529FC100305CC9 /* PlantsDetailsVC.swift */ = {isa = PBXFileReference; lastKnownFileType = sourcecode.swift; path = PlantsDetailsVC.swift; sourceTree = "<group>"; };
		0A7E2E562653A23900305CC9 /* AddPlantNameVC.swift */ = {isa = PBXFileReference; lastKnownFileType = sourcecode.swift; path = AddPlantNameVC.swift; sourceTree = "<group>"; };
		0A7E2E592653A51C00305CC9 /* AddPlantWaterAmountVC.swift */ = {isa = PBXFileReference; lastKnownFileType = sourcecode.swift; path = AddPlantWaterAmountVC.swift; sourceTree = "<group>"; };
		0A7E2E5C2653A66600305CC9 /* AddPlantFrequencyVC.swift */ = {isa = PBXFileReference; lastKnownFileType = sourcecode.swift; path = AddPlantFrequencyVC.swift; sourceTree = "<group>"; };
		0A7E2E5F2653A79E00305CC9 /* AddPlantSunlightVC.swift */ = {isa = PBXFileReference; lastKnownFileType = sourcecode.swift; path = AddPlantSunlightVC.swift; sourceTree = "<group>"; };
		0A7E2E622653A88700305CC9 /* AddPlantLocationVC.swift */ = {isa = PBXFileReference; lastKnownFileType = sourcecode.swift; path = AddPlantLocationVC.swift; sourceTree = "<group>"; };
		0A7E2E6A2654590200305CC9 /* Hiring.storyboard */ = {isa = PBXFileReference; lastKnownFileType = file.storyboard; path = Hiring.storyboard; sourceTree = "<group>"; };
		0A7E2E6D26545A9400305CC9 /* CustomSegmentedControl.swift */ = {isa = PBXFileReference; lastKnownFileType = sourcecode.swift; path = CustomSegmentedControl.swift; sourceTree = "<group>"; };
		0AAD57672646FB0300E368B6 /* Gardener.app */ = {isa = PBXFileReference; explicitFileType = wrapper.application; includeInIndex = 0; path = Gardener.app; sourceTree = BUILT_PRODUCTS_DIR; };
		0AAD576A2646FB0300E368B6 /* AppDelegate.swift */ = {isa = PBXFileReference; lastKnownFileType = sourcecode.swift; path = AppDelegate.swift; sourceTree = "<group>"; };
		0AAD576E2646FB0300E368B6 /* WelcomeVC.swift */ = {isa = PBXFileReference; lastKnownFileType = sourcecode.swift; path = WelcomeVC.swift; sourceTree = "<group>"; };
		0AAD57712646FB0300E368B6 /* Base */ = {isa = PBXFileReference; lastKnownFileType = file.storyboard; name = Base; path = Base.lproj/Main.storyboard; sourceTree = "<group>"; };
		0AAD57742646FB0300E368B6 /* Gardener.xcdatamodel */ = {isa = PBXFileReference; lastKnownFileType = wrapper.xcdatamodel; path = Gardener.xcdatamodel; sourceTree = "<group>"; };
		0AAD57762646FB0500E368B6 /* Assets.xcassets */ = {isa = PBXFileReference; lastKnownFileType = folder.assetcatalog; path = Assets.xcassets; sourceTree = "<group>"; };
		0AAD57792646FB0500E368B6 /* Base */ = {isa = PBXFileReference; lastKnownFileType = file.storyboard; name = Base; path = Base.lproj/LaunchScreen.storyboard; sourceTree = "<group>"; };
		0AAD577B2646FB0500E368B6 /* Info.plist */ = {isa = PBXFileReference; lastKnownFileType = text.plist.xml; path = Info.plist; sourceTree = "<group>"; };
		0ADEE05B2654EBD800013688 /* FeedbackVC.swift */ = {isa = PBXFileReference; lastKnownFileType = sourcecode.swift; path = FeedbackVC.swift; sourceTree = "<group>"; };
		6B6D1E2E1751F89C131697E6 /* Pods-Gardener.release.xcconfig */ = {isa = PBXFileReference; includeInIndex = 1; lastKnownFileType = text.xcconfig; name = "Pods-Gardener.release.xcconfig"; path = "Target Support Files/Pods-Gardener/Pods-Gardener.release.xcconfig"; sourceTree = "<group>"; };
		751047DE73C6C151F1B28B08 /* Pods-Gardener.debug.xcconfig */ = {isa = PBXFileReference; includeInIndex = 1; lastKnownFileType = text.xcconfig; name = "Pods-Gardener.debug.xcconfig"; path = "Target Support Files/Pods-Gardener/Pods-Gardener.debug.xcconfig"; sourceTree = "<group>"; };
		EECE8725B27E973E8765C2A8 /* Pods_Gardener.framework */ = {isa = PBXFileReference; explicitFileType = wrapper.framework; includeInIndex = 0; path = Pods_Gardener.framework; sourceTree = BUILT_PRODUCTS_DIR; };
/* End PBXFileReference section */

/* Begin PBXFrameworksBuildPhase section */
		0AAD57642646FB0300E368B6 /* Frameworks */ = {
			isa = PBXFrameworksBuildPhase;
			buildActionMask = 2147483647;
			files = (
				7ED072A9F8859F86F0E8AC77 /* Pods_Gardener.framework in Frameworks */,
			);
			runOnlyForDeploymentPostprocessing = 0;
		};
/* End PBXFrameworksBuildPhase section */

/* Begin PBXGroup section */
		0A7B43E8264AC3670061514B /* Controller */ = {
			isa = PBXGroup;
			children = (
				0A7E2DF626529F6F00305CC9 /* Plant */,
				0A7B44CA264C32CE0061514B /* TabBarVC.swift */,
				0AAD576E2646FB0300E368B6 /* WelcomeVC.swift */,
				0A7B44A1264BC4A40061514B /* Registration */,
				0A7B44C4264C10590061514B /* LoginVC.swift */,
				0A7B44D0264C3B9D0061514B /* HiringVC.swift */,
				0A7B44D3264C3BF90061514B /* ChatRoomVC.swift */,
				0A7B44D7264C49940061514B /* ForgotPasswordVC.swift */,
				0A7B44DA264D35130061514B /* dateOfBirthVC.swift */,
				0A7B44DD264D92DC0061514B /* AvailabilityVC.swift */,
				0A7B44E0264D97270061514B /* SkillsVC.swift */,
				0A7B44E3264DA1190061514B /* RateVC.swift */,
				0A7B44E6265026F30061514B /* MenuVC.swift */,
				0ADEE05B2654EBD800013688 /* FeedbackVC.swift */,
			);
			path = Controller;
			sourceTree = "<group>";
		};
		0A7B43E9264AC3700061514B /* ViewModels */ = {
			isa = PBXGroup;
			children = (
				0A7B446E264AF7450061514B /* CustomFunctions.swift */,
			);
			path = ViewModels;
			sourceTree = "<group>";
		};
		0A7B43EA264AC3800061514B /* ViewCell */ = {
			isa = PBXGroup;
			children = (
				0A7E2C932650740C00305CC9 /* AddPlantCollectionViewCell.swift */,
				0A7E2C9F26512DDB00305CC9 /* CategoryTableViewCell.swift */,
				0A7E2DED2651834E00305CC9 /* SubCategoryTableViewCell.swift */,
			);
			path = ViewCell;
			sourceTree = "<group>";
		};
		0A7B43EB264AC3930061514B /* Models */ = {
			isa = PBXGroup;
			children = (
				0A7B4490264B254C0061514B /* CountryCodeModel.swift */,
				0A7B4497264B9F770061514B /* LocationModel.swift */,
				0A7B44A8264BD0440061514B /* UserModel.swift */,
				0A7B44C7264C2F3F0061514B /* SessionManager.swift */,
				0A7E2D882651313C00305CC9 /* CategoryModel.swift */,
				0A7E2DF02651849700305CC9 /* PlantModel.swift */,
			);
			path = Models;
			sourceTree = "<group>";
		};
		0A7B43EC264AC3A90061514B /* WebServices */ = {
			isa = PBXGroup;
			children = (
			);
			path = WebServices;
			sourceTree = "<group>";
		};
		0A7B43ED264AC3DB0061514B /* UIExtensions */ = {
			isa = PBXGroup;
			children = (
				0A7E2DF32652788700305CC9 /* ZoomAndSnapFlowLayout.swift */,
				0A7B43F1264AC3FC0061514B /* GlobalStrings.swift */,
				0A7B43F0264AC3FC0061514B /* UIButtonExtensions.swift */,
				0A7B43EE264AC3FC0061514B /* UIColorExtensions.swift */,
				0A7B43EF264AC3FC0061514B /* UIViewExtensions.swift */,
				0A7B448D264AFB480061514B /* UITextFieldExtension.swift */,
				0A7B44AB264BE2CA0061514B /* ProgressHUD.swift */,
				0A7B44E92650404C0061514B /* Toast.swift */,
				0A7E2E6D26545A9400305CC9 /* CustomSegmentedControl.swift */,
			);
			path = UIExtensions;
			sourceTree = "<group>";
		};
		0A7B43F7264AC5560061514B /* System */ = {
			isa = PBXGroup;
			children = (
				0A7B4453264AEB8D0061514B /* GoogleService-Info.plist */,
				0AAD576A2646FB0300E368B6 /* AppDelegate.swift */,
				0AAD57762646FB0500E368B6 /* Assets.xcassets */,
				0AAD577B2646FB0500E368B6 /* Info.plist */,
				0AAD57732646FB0300E368B6 /* Gardener.xcdatamodeld */,
			);
			path = System;
			sourceTree = "<group>";
		};
		0A7B43F9264AC5940061514B /* Storyboards */ = {
			isa = PBXGroup;
			children = (
				0AAD57782646FB0500E368B6 /* LaunchScreen.storyboard */,
				0AAD57702646FB0300E368B6 /* Main.storyboard */,
				0A7E2C9626511B4600305CC9 /* Plant.storyboard */,
				0A7E2E6A2654590200305CC9 /* Hiring.storyboard */,
			);
			path = Storyboards;
			sourceTree = "<group>";
		};
		0A7B43FF264AC8680061514B /* Assets */ = {
			isa = PBXGroup;
			children = (
				0A7B4412264AD3F50061514B /* Views */,
				0A7B4400264AC8740061514B /* Fonts */,
			);
			path = Assets;
			sourceTree = "<group>";
		};
		0A7B4400264AC8740061514B /* Fonts */ = {
			isa = PBXGroup;
			children = (
				0A7B440C264AC9300061514B /* OpenSans-Bold.ttf */,
				0A7B440A264AC9300061514B /* OpenSans-Regular.ttf */,
				0A7B440B264AC9300061514B /* OpenSans-SemiBold.ttf */,
			);
			path = Fonts;
			sourceTree = "<group>";
		};
		0A7B4412264AD3F50061514B /* Views */ = {
			isa = PBXGroup;
			children = (
				0A7B4413264AD4080061514B /* AlertViewController.swift */,
			);
			path = Views;
			sourceTree = "<group>";
		};
		0A7B44A1264BC4A40061514B /* Registration */ = {
			isa = PBXGroup;
			children = (
				0A7B446B264AF6340061514B /* RegistrationStepOneVC.swift */,
				0A7B4494264B39550061514B /* RegistrationStepTwoVC.swift */,
				0A7B449A264B9FE50061514B /* RegistrationStepThreeVC.swift */,
				0A7B449D264BB0310061514B /* RegistrationStepFourVC.swift */,
				0A7B44A2264BC5040061514B /* RegistrationFinalStepVC.swift */,
				0A7B44A5264BCAC70061514B /* FinalAnimationVC.swift */,
			);
			path = Registration;
			sourceTree = "<group>";
		};
		0A7E2C9926511B8C00305CC9 /* AddPlant */ = {
			isa = PBXGroup;
			children = (
				0A7E2C9C2651234800305CC9 /* AddCategoryVC.swift */,
				0A7E2DE32651418E00305CC9 /* SuggestVC.swift */,
				0A7E2DE726516A2B00305CC9 /* AddPlantImageVC.swift */,
				0A7E2E562653A23900305CC9 /* AddPlantNameVC.swift */,
				0A7E2E592653A51C00305CC9 /* AddPlantWaterAmountVC.swift */,
				0A7E2E5C2653A66600305CC9 /* AddPlantFrequencyVC.swift */,
				0A7E2E5F2653A79E00305CC9 /* AddPlantSunlightVC.swift */,
				0A7E2E622653A88700305CC9 /* AddPlantLocationVC.swift */,
			);
			path = AddPlant;
			sourceTree = "<group>";
		};
		0A7E2DF626529F6F00305CC9 /* Plant */ = {
			isa = PBXGroup;
			children = (
				0A7E2C9926511B8C00305CC9 /* AddPlant */,
				0A7B44CD264C37950061514B /* PlantVC.swift */,
				0A7E2CA226512E5900305CC9 /* SelectCategoryVC.swift */,
				0A7E2DEA26517EEA00305CC9 /* SelectSubPlantVC.swift */,
				0A7E2DF826529FC100305CC9 /* PlantsDetailsVC.swift */,
			);
			path = Plant;
			sourceTree = "<group>";
		};
		0AAD575E2646FB0300E368B6 = {
			isa = PBXGroup;
			children = (
				0AAD57692646FB0300E368B6 /* Gardener */,
				0AAD57682646FB0300E368B6 /* Products */,
				A195188CA7AB16F994259EAD /* Pods */,
				3CA64BAFA8E202B201E5B441 /* Frameworks */,
			);
			sourceTree = "<group>";
		};
		0AAD57682646FB0300E368B6 /* Products */ = {
			isa = PBXGroup;
			children = (
				0AAD57672646FB0300E368B6 /* Gardener.app */,
			);
			name = Products;
			sourceTree = "<group>";
		};
		0AAD57692646FB0300E368B6 /* Gardener */ = {
			isa = PBXGroup;
			children = (
				0A7B43FF264AC8680061514B /* Assets */,
				0A7B43F9264AC5940061514B /* Storyboards */,
				0A7B43F7264AC5560061514B /* System */,
				0A7B43ED264AC3DB0061514B /* UIExtensions */,
				0A7B43EC264AC3A90061514B /* WebServices */,
				0A7B43EB264AC3930061514B /* Models */,
				0A7B43EA264AC3800061514B /* ViewCell */,
				0A7B43E9264AC3700061514B /* ViewModels */,
				0A7B43E8264AC3670061514B /* Controller */,
			);
			path = Gardener;
			sourceTree = "<group>";
		};
		3CA64BAFA8E202B201E5B441 /* Frameworks */ = {
			isa = PBXGroup;
			children = (
				EECE8725B27E973E8765C2A8 /* Pods_Gardener.framework */,
			);
			name = Frameworks;
			sourceTree = "<group>";
		};
		A195188CA7AB16F994259EAD /* Pods */ = {
			isa = PBXGroup;
			children = (
				751047DE73C6C151F1B28B08 /* Pods-Gardener.debug.xcconfig */,
				6B6D1E2E1751F89C131697E6 /* Pods-Gardener.release.xcconfig */,
			);
			path = Pods;
			sourceTree = "<group>";
		};
/* End PBXGroup section */

/* Begin PBXNativeTarget section */
		0AAD57662646FB0300E368B6 /* Gardener */ = {
			isa = PBXNativeTarget;
			buildConfigurationList = 0AAD577E2646FB0500E368B6 /* Build configuration list for PBXNativeTarget "Gardener" */;
			buildPhases = (
				82EA65AFABC115D7DD2A3256 /* [CP] Check Pods Manifest.lock */,
				0AAD57632646FB0300E368B6 /* Sources */,
				0AAD57642646FB0300E368B6 /* Frameworks */,
				0AAD57652646FB0300E368B6 /* Resources */,
				F5C041B3E3247A1B96B107D7 /* [CP] Embed Pods Frameworks */,
			);
			buildRules = (
			);
			dependencies = (
			);
			name = Gardener;
			productName = Gardener;
			productReference = 0AAD57672646FB0300E368B6 /* Gardener.app */;
			productType = "com.apple.product-type.application";
		};
/* End PBXNativeTarget section */

/* Begin PBXProject section */
		0AAD575F2646FB0300E368B6 /* Project object */ = {
			isa = PBXProject;
			attributes = {
				LastSwiftUpdateCheck = 1240;
				LastUpgradeCheck = 1240;
				TargetAttributes = {
					0AAD57662646FB0300E368B6 = {
						CreatedOnToolsVersion = 12.4;
					};
				};
			};
			buildConfigurationList = 0AAD57622646FB0300E368B6 /* Build configuration list for PBXProject "Gardener" */;
			compatibilityVersion = "Xcode 9.3";
			developmentRegion = en;
			hasScannedForEncodings = 0;
			knownRegions = (
				en,
				Base,
			);
			mainGroup = 0AAD575E2646FB0300E368B6;
			productRefGroup = 0AAD57682646FB0300E368B6 /* Products */;
			projectDirPath = "";
			projectRoot = "";
			targets = (
				0AAD57662646FB0300E368B6 /* Gardener */,
			);
		};
/* End PBXProject section */

/* Begin PBXResourcesBuildPhase section */
		0AAD57652646FB0300E368B6 /* Resources */ = {
			isa = PBXResourcesBuildPhase;
			buildActionMask = 2147483647;
			files = (
				0AAD577A2646FB0500E368B6 /* LaunchScreen.storyboard in Resources */,
				0AAD57772646FB0500E368B6 /* Assets.xcassets in Resources */,
				0A7B440F264AC9300061514B /* OpenSans-Bold.ttf in Resources */,
				0A7B440E264AC9300061514B /* OpenSans-SemiBold.ttf in Resources */,
				0A7E2E6B2654590200305CC9 /* Hiring.storyboard in Resources */,
				0A7B440D264AC9300061514B /* OpenSans-Regular.ttf in Resources */,
				0AAD57722646FB0300E368B6 /* Main.storyboard in Resources */,
				0A7E2C9726511B4600305CC9 /* Plant.storyboard in Resources */,
				0A7B4454264AEB8D0061514B /* GoogleService-Info.plist in Resources */,
			);
			runOnlyForDeploymentPostprocessing = 0;
		};
/* End PBXResourcesBuildPhase section */

/* Begin PBXShellScriptBuildPhase section */
		82EA65AFABC115D7DD2A3256 /* [CP] Check Pods Manifest.lock */ = {
			isa = PBXShellScriptBuildPhase;
			buildActionMask = 2147483647;
			files = (
			);
			inputFileListPaths = (
			);
			inputPaths = (
				"${PODS_PODFILE_DIR_PATH}/Podfile.lock",
				"${PODS_ROOT}/Manifest.lock",
			);
			name = "[CP] Check Pods Manifest.lock";
			outputFileListPaths = (
			);
			outputPaths = (
				"$(DERIVED_FILE_DIR)/Pods-Gardener-checkManifestLockResult.txt",
			);
			runOnlyForDeploymentPostprocessing = 0;
			shellPath = /bin/sh;
			shellScript = "diff \"${PODS_PODFILE_DIR_PATH}/Podfile.lock\" \"${PODS_ROOT}/Manifest.lock\" > /dev/null\nif [ $? != 0 ] ; then\n    # print error to STDERR\n    echo \"error: The sandbox is not in sync with the Podfile.lock. Run 'pod install' or update your CocoaPods installation.\" >&2\n    exit 1\nfi\n# This output is used by Xcode 'outputs' to avoid re-running this script phase.\necho \"SUCCESS\" > \"${SCRIPT_OUTPUT_FILE_0}\"\n";
			showEnvVarsInLog = 0;
		};
		F5C041B3E3247A1B96B107D7 /* [CP] Embed Pods Frameworks */ = {
			isa = PBXShellScriptBuildPhase;
			buildActionMask = 2147483647;
			files = (
			);
			inputFileListPaths = (
				"${PODS_ROOT}/Target Support Files/Pods-Gardener/Pods-Gardener-frameworks-${CONFIGURATION}-input-files.xcfilelist",
			);
			name = "[CP] Embed Pods Frameworks";
			outputFileListPaths = (
				"${PODS_ROOT}/Target Support Files/Pods-Gardener/Pods-Gardener-frameworks-${CONFIGURATION}-output-files.xcfilelist",
			);
			runOnlyForDeploymentPostprocessing = 0;
			shellPath = /bin/sh;
			shellScript = "\"${PODS_ROOT}/Target Support Files/Pods-Gardener/Pods-Gardener-frameworks.sh\"\n";
			showEnvVarsInLog = 0;
		};
/* End PBXShellScriptBuildPhase section */

/* Begin PBXSourcesBuildPhase section */
		0AAD57632646FB0300E368B6 /* Sources */ = {
			isa = PBXSourcesBuildPhase;
			buildActionMask = 2147483647;
			files = (
				0A7E2C942650740C00305CC9 /* AddPlantCollectionViewCell.swift in Sources */,
				0A7E2E602653A79E00305CC9 /* AddPlantSunlightVC.swift in Sources */,
				0AAD576F2646FB0300E368B6 /* WelcomeVC.swift in Sources */,
				0A7B43F3264AC3FC0061514B /* UIViewExtensions.swift in Sources */,
				0A7B44C5264C10590061514B /* LoginVC.swift in Sources */,
				0A7E2DE826516A2B00305CC9 /* AddPlantImageVC.swift in Sources */,
				0A7B446F264AF7450061514B /* CustomFunctions.swift in Sources */,
				0A7E2E632653A88700305CC9 /* AddPlantLocationVC.swift in Sources */,
				0A7B449E264BB0310061514B /* RegistrationStepFourVC.swift in Sources */,
				0A7B43F5264AC3FC0061514B /* GlobalStrings.swift in Sources */,
				0A7B4414264AD4080061514B /* AlertViewController.swift in Sources */,
				0A7B44A6264BCAC70061514B /* FinalAnimationVC.swift in Sources */,
				0A7B448E264AFB480061514B /* UITextFieldExtension.swift in Sources */,
				0A7B44DE264D92DC0061514B /* AvailabilityVC.swift in Sources */,
				0A7B44E4264DA1190061514B /* RateVC.swift in Sources */,
				0AAD57752646FB0300E368B6 /* Gardener.xcdatamodeld in Sources */,
				0A7E2DF42652788700305CC9 /* ZoomAndSnapFlowLayout.swift in Sources */,
				0ADEE05C2654EBD900013688 /* FeedbackVC.swift in Sources */,
				0A7B44C8264C2F3F0061514B /* SessionManager.swift in Sources */,
				0A7B43F4264AC3FC0061514B /* UIButtonExtensions.swift in Sources */,
				0A7B44A3264BC5040061514B /* RegistrationFinalStepVC.swift in Sources */,
				0A7E2DF926529FC100305CC9 /* PlantsDetailsVC.swift in Sources */,
				0A7E2C9D2651234800305CC9 /* AddCategoryVC.swift in Sources */,
				0AAD576B2646FB0300E368B6 /* AppDelegate.swift in Sources */,
				0A7B44D8264C49940061514B /* ForgotPasswordVC.swift in Sources */,
				0A7E2DEE2651834E00305CC9 /* SubCategoryTableViewCell.swift in Sources */,
				0A7B4495264B39550061514B /* RegistrationStepTwoVC.swift in Sources */,
				0A7E2E6E26545A9400305CC9 /* CustomSegmentedControl.swift in Sources */,
				0A7E2DF12651849700305CC9 /* PlantModel.swift in Sources */,
				0A7B4491264B254C0061514B /* CountryCodeModel.swift in Sources */,
				0A7B44EA2650404C0061514B /* Toast.swift in Sources */,
				0A7B449B264B9FE50061514B /* RegistrationStepThreeVC.swift in Sources */,
				0A7E2DE42651418E00305CC9 /* SuggestVC.swift in Sources */,
				0A7B44A9264BD0440061514B /* UserModel.swift in Sources */,
				0A7B44E7265026F40061514B /* MenuVC.swift in Sources */,
				0A7B446C264AF6340061514B /* RegistrationStepOneVC.swift in Sources */,
				0A7B4498264B9F770061514B /* LocationModel.swift in Sources */,
				0A7B44CE264C37950061514B /* PlantVC.swift in Sources */,
				0A7B44D1264C3B9D0061514B /* HiringVC.swift in Sources */,
				0A7E2E572653A23900305CC9 /* AddPlantNameVC.swift in Sources */,
				0A7B44CB264C32CE0061514B /* TabBarVC.swift in Sources */,
				0A7E2CA326512E5900305CC9 /* SelectCategoryVC.swift in Sources */,
				0A7B44D4264C3BF90061514B /* ChatRoomVC.swift in Sources */,
				0A7E2E5D2653A66600305CC9 /* AddPlantFrequencyVC.swift in Sources */,
				0A7B44AC264BE2CA0061514B /* ProgressHUD.swift in Sources */,
				0A7B43F2264AC3FC0061514B /* UIColorExtensions.swift in Sources */,
				0A7B44E1264D97270061514B /* SkillsVC.swift in Sources */,
				0A7E2D892651313C00305CC9 /* CategoryModel.swift in Sources */,
				0A7B44DB264D35130061514B /* dateOfBirthVC.swift in Sources */,
				0A7E2E5A2653A51C00305CC9 /* AddPlantWaterAmountVC.swift in Sources */,
				0A7E2DEB26517EEA00305CC9 /* SelectSubPlantVC.swift in Sources */,
				0A7E2CA026512DDB00305CC9 /* CategoryTableViewCell.swift in Sources */,
			);
			runOnlyForDeploymentPostprocessing = 0;
		};
/* End PBXSourcesBuildPhase section */

/* Begin PBXVariantGroup section */
		0AAD57702646FB0300E368B6 /* Main.storyboard */ = {
			isa = PBXVariantGroup;
			children = (
				0AAD57712646FB0300E368B6 /* Base */,
			);
			name = Main.storyboard;
			sourceTree = "<group>";
		};
		0AAD57782646FB0500E368B6 /* LaunchScreen.storyboard */ = {
			isa = PBXVariantGroup;
			children = (
				0AAD57792646FB0500E368B6 /* Base */,
			);
			name = LaunchScreen.storyboard;
			sourceTree = "<group>";
		};
/* End PBXVariantGroup section */

/* Begin XCBuildConfiguration section */
		0AAD577C2646FB0500E368B6 /* Debug */ = {
			isa = XCBuildConfiguration;
			buildSettings = {
				ALWAYS_SEARCH_USER_PATHS = NO;
				CLANG_ANALYZER_NONNULL = YES;
				CLANG_ANALYZER_NUMBER_OBJECT_CONVERSION = YES_AGGRESSIVE;
				CLANG_CXX_LANGUAGE_STANDARD = "gnu++14";
				CLANG_CXX_LIBRARY = "libc++";
				CLANG_ENABLE_MODULES = YES;
				CLANG_ENABLE_OBJC_ARC = YES;
				CLANG_ENABLE_OBJC_WEAK = YES;
				CLANG_WARN_BLOCK_CAPTURE_AUTORELEASING = YES;
				CLANG_WARN_BOOL_CONVERSION = YES;
				CLANG_WARN_COMMA = YES;
				CLANG_WARN_CONSTANT_CONVERSION = YES;
				CLANG_WARN_DEPRECATED_OBJC_IMPLEMENTATIONS = YES;
				CLANG_WARN_DIRECT_OBJC_ISA_USAGE = YES_ERROR;
				CLANG_WARN_DOCUMENTATION_COMMENTS = YES;
				CLANG_WARN_EMPTY_BODY = YES;
				CLANG_WARN_ENUM_CONVERSION = YES;
				CLANG_WARN_INFINITE_RECURSION = YES;
				CLANG_WARN_INT_CONVERSION = YES;
				CLANG_WARN_NON_LITERAL_NULL_CONVERSION = YES;
				CLANG_WARN_OBJC_IMPLICIT_RETAIN_SELF = YES;
				CLANG_WARN_OBJC_LITERAL_CONVERSION = YES;
				CLANG_WARN_OBJC_ROOT_CLASS = YES_ERROR;
				CLANG_WARN_QUOTED_INCLUDE_IN_FRAMEWORK_HEADER = YES;
				CLANG_WARN_RANGE_LOOP_ANALYSIS = YES;
				CLANG_WARN_STRICT_PROTOTYPES = YES;
				CLANG_WARN_SUSPICIOUS_MOVE = YES;
				CLANG_WARN_UNGUARDED_AVAILABILITY = YES_AGGRESSIVE;
				CLANG_WARN_UNREACHABLE_CODE = YES;
				CLANG_WARN__DUPLICATE_METHOD_MATCH = YES;
				COPY_PHASE_STRIP = NO;
				DEBUG_INFORMATION_FORMAT = dwarf;
				ENABLE_STRICT_OBJC_MSGSEND = YES;
				ENABLE_TESTABILITY = YES;
				GCC_C_LANGUAGE_STANDARD = gnu11;
				GCC_DYNAMIC_NO_PIC = NO;
				GCC_NO_COMMON_BLOCKS = YES;
				GCC_OPTIMIZATION_LEVEL = 0;
				GCC_PREPROCESSOR_DEFINITIONS = (
					"DEBUG=1",
					"$(inherited)",
				);
				GCC_WARN_64_TO_32_BIT_CONVERSION = YES;
				GCC_WARN_ABOUT_RETURN_TYPE = YES_ERROR;
				GCC_WARN_UNDECLARED_SELECTOR = YES;
				GCC_WARN_UNINITIALIZED_AUTOS = YES_AGGRESSIVE;
				GCC_WARN_UNUSED_FUNCTION = YES;
				GCC_WARN_UNUSED_VARIABLE = YES;
				IPHONEOS_DEPLOYMENT_TARGET = 14.4;
				MTL_ENABLE_DEBUG_INFO = INCLUDE_SOURCE;
				MTL_FAST_MATH = YES;
				ONLY_ACTIVE_ARCH = YES;
				SDKROOT = iphoneos;
				SWIFT_ACTIVE_COMPILATION_CONDITIONS = DEBUG;
				SWIFT_OPTIMIZATION_LEVEL = "-Onone";
			};
			name = Debug;
		};
		0AAD577D2646FB0500E368B6 /* Release */ = {
			isa = XCBuildConfiguration;
			buildSettings = {
				ALWAYS_SEARCH_USER_PATHS = NO;
				CLANG_ANALYZER_NONNULL = YES;
				CLANG_ANALYZER_NUMBER_OBJECT_CONVERSION = YES_AGGRESSIVE;
				CLANG_CXX_LANGUAGE_STANDARD = "gnu++14";
				CLANG_CXX_LIBRARY = "libc++";
				CLANG_ENABLE_MODULES = YES;
				CLANG_ENABLE_OBJC_ARC = YES;
				CLANG_ENABLE_OBJC_WEAK = YES;
				CLANG_WARN_BLOCK_CAPTURE_AUTORELEASING = YES;
				CLANG_WARN_BOOL_CONVERSION = YES;
				CLANG_WARN_COMMA = YES;
				CLANG_WARN_CONSTANT_CONVERSION = YES;
				CLANG_WARN_DEPRECATED_OBJC_IMPLEMENTATIONS = YES;
				CLANG_WARN_DIRECT_OBJC_ISA_USAGE = YES_ERROR;
				CLANG_WARN_DOCUMENTATION_COMMENTS = YES;
				CLANG_WARN_EMPTY_BODY = YES;
				CLANG_WARN_ENUM_CONVERSION = YES;
				CLANG_WARN_INFINITE_RECURSION = YES;
				CLANG_WARN_INT_CONVERSION = YES;
				CLANG_WARN_NON_LITERAL_NULL_CONVERSION = YES;
				CLANG_WARN_OBJC_IMPLICIT_RETAIN_SELF = YES;
				CLANG_WARN_OBJC_LITERAL_CONVERSION = YES;
				CLANG_WARN_OBJC_ROOT_CLASS = YES_ERROR;
				CLANG_WARN_QUOTED_INCLUDE_IN_FRAMEWORK_HEADER = YES;
				CLANG_WARN_RANGE_LOOP_ANALYSIS = YES;
				CLANG_WARN_STRICT_PROTOTYPES = YES;
				CLANG_WARN_SUSPICIOUS_MOVE = YES;
				CLANG_WARN_UNGUARDED_AVAILABILITY = YES_AGGRESSIVE;
				CLANG_WARN_UNREACHABLE_CODE = YES;
				CLANG_WARN__DUPLICATE_METHOD_MATCH = YES;
				COPY_PHASE_STRIP = NO;
				DEBUG_INFORMATION_FORMAT = "dwarf-with-dsym";
				ENABLE_NS_ASSERTIONS = NO;
				ENABLE_STRICT_OBJC_MSGSEND = YES;
				GCC_C_LANGUAGE_STANDARD = gnu11;
				GCC_NO_COMMON_BLOCKS = YES;
				GCC_WARN_64_TO_32_BIT_CONVERSION = YES;
				GCC_WARN_ABOUT_RETURN_TYPE = YES_ERROR;
				GCC_WARN_UNDECLARED_SELECTOR = YES;
				GCC_WARN_UNINITIALIZED_AUTOS = YES_AGGRESSIVE;
				GCC_WARN_UNUSED_FUNCTION = YES;
				GCC_WARN_UNUSED_VARIABLE = YES;
				IPHONEOS_DEPLOYMENT_TARGET = 14.4;
				MTL_ENABLE_DEBUG_INFO = NO;
				MTL_FAST_MATH = YES;
				SDKROOT = iphoneos;
				SWIFT_COMPILATION_MODE = wholemodule;
				SWIFT_OPTIMIZATION_LEVEL = "-O";
				VALIDATE_PRODUCT = YES;
			};
			name = Release;
		};
		0AAD577F2646FB0500E368B6 /* Debug */ = {
			isa = XCBuildConfiguration;
			baseConfigurationReference = 751047DE73C6C151F1B28B08 /* Pods-Gardener.debug.xcconfig */;
			buildSettings = {
				ASSETCATALOG_COMPILER_APPICON_NAME = AppIcon;
				ASSETCATALOG_COMPILER_GLOBAL_ACCENT_COLOR_NAME = AccentColor;
				CODE_SIGN_STYLE = Automatic;
				DEVELOPMENT_TEAM = A9DQP4DQ7K;
				INFOPLIST_FILE = Gardener/System/Info.plist;
				LD_RUNPATH_SEARCH_PATHS = (
					"$(inherited)",
					"@executable_path/Frameworks",
				);
				PRODUCT_BUNDLE_IDENTIFIER = StarvationTech.Gardener;
				PRODUCT_NAME = "$(TARGET_NAME)";
				SWIFT_VERSION = 5.0;
				TARGETED_DEVICE_FAMILY = "1,2";
			};
			name = Debug;
		};
		0AAD57802646FB0500E368B6 /* Release */ = {
			isa = XCBuildConfiguration;
			baseConfigurationReference = 6B6D1E2E1751F89C131697E6 /* Pods-Gardener.release.xcconfig */;
			buildSettings = {
				ASSETCATALOG_COMPILER_APPICON_NAME = AppIcon;
				ASSETCATALOG_COMPILER_GLOBAL_ACCENT_COLOR_NAME = AccentColor;
				CODE_SIGN_STYLE = Automatic;
				DEVELOPMENT_TEAM = A9DQP4DQ7K;
				INFOPLIST_FILE = Gardener/System/Info.plist;
				LD_RUNPATH_SEARCH_PATHS = (
					"$(inherited)",
					"@executable_path/Frameworks",
				);
				PRODUCT_BUNDLE_IDENTIFIER = StarvationTech.Gardener;
				PRODUCT_NAME = "$(TARGET_NAME)";
				SWIFT_VERSION = 5.0;
				TARGETED_DEVICE_FAMILY = "1,2";
			};
			name = Release;
		};
/* End XCBuildConfiguration section */

/* Begin XCConfigurationList section */
		0AAD57622646FB0300E368B6 /* Build configuration list for PBXProject "Gardener" */ = {
			isa = XCConfigurationList;
			buildConfigurations = (
				0AAD577C2646FB0500E368B6 /* Debug */,
				0AAD577D2646FB0500E368B6 /* Release */,
			);
			defaultConfigurationIsVisible = 0;
			defaultConfigurationName = Release;
		};
		0AAD577E2646FB0500E368B6 /* Build configuration list for PBXNativeTarget "Gardener" */ = {
			isa = XCConfigurationList;
			buildConfigurations = (
				0AAD577F2646FB0500E368B6 /* Debug */,
				0AAD57802646FB0500E368B6 /* Release */,
			);
			defaultConfigurationIsVisible = 0;
			defaultConfigurationName = Release;
		};
/* End XCConfigurationList section */

/* Begin XCVersionGroup section */
		0AAD57732646FB0300E368B6 /* Gardener.xcdatamodeld */ = {
			isa = XCVersionGroup;
			children = (
				0AAD57742646FB0300E368B6 /* Gardener.xcdatamodel */,
			);
			currentVersion = 0AAD57742646FB0300E368B6 /* Gardener.xcdatamodel */;
			path = Gardener.xcdatamodeld;
			sourceTree = "<group>";
			versionGroupType = wrapper.xcdatamodel;
		};
/* End XCVersionGroup section */
	};
	rootObject = 0AAD575F2646FB0300E368B6 /* Project object */;
}
